
Microsoft Visual Studio Solution File, Format Version 12.00
# Visual Studio 15
VisualStudioVersion = 15.0.26228.12
MinimumVisualStudioVersion = 10.0.40219.1
Project("{FAE04EC0-301F-11D3-BF4B-00C04F79EFBC}") = "DAL", "DAL\DAL.csproj", "{2205C2CD-527B-4314-B3D4-6F95CCEBF2B1}"
EndProject
Project("{FAE04EC0-301F-11D3-BF4B-00C04F79EFBC}") = "SAL", "SAL\SAL.csproj", "{DE7C3454-98B1-42F9-B548-60186BFEF459}"
EndProject
Project("{FAE04EC0-301F-11D3-BF4B-00C04F79EFBC}") = "BBL", "BBL\BBL.csproj", "{C688B5E5-886F-4A1C-AEAE-1C21362DA2DD}"
EndProject
Project("{FAE04EC0-301F-11D3-BF4B-00C04F79EFBC}") = "AndroidApp", "AndroidApp\AndroidApp.csproj", "{33A903D2-F3DD-4340-94D3-FD5529228DCA}"
EndProject
Global
	GlobalSection(SolutionConfigurationPlatforms) = preSolution
		Debug|Any CPU = Debug|Any CPU
		Release|Any CPU = Release|Any CPU
	EndGlobalSection
	GlobalSection(ProjectConfigurationPlatforms) = postSolution
		{2205C2CD-527B-4314-B3D4-6F95CCEBF2B1}.Debug|Any CPU.ActiveCfg = Debug|Any CPU
		{2205C2CD-527B-4314-B3D4-6F95CCEBF2B1}.Debug|Any CPU.Build.0 = Debug|Any CPU
		{2205C2CD-527B-4314-B3D4-6F95CCEBF2B1}.Release|Any CPU.ActiveCfg = Release|Any CPU
		{2205C2CD-527B-4314-B3D4-6F95CCEBF2B1}.Release|Any CPU.Build.0 = Release|Any CPU
		{DE7C3454-98B1-42F9-B548-60186BFEF459}.Debug|Any CPU.ActiveCfg = Debug|Any CPU
		{DE7C3454-98B1-42F9-B548-60186BFEF459}.Debug|Any CPU.Build.0 = Debug|Any CPU
		{DE7C3454-98B1-42F9-B548-60186BFEF459}.Release|Any CPU.ActiveCfg = Release|Any CPU
		{DE7C3454-98B1-42F9-B548-60186BFEF459}.Release|Any CPU.Build.0 = Release|Any CPU
		{C688B5E5-886F-4A1C-AEAE-1C21362DA2DD}.Debug|Any CPU.ActiveCfg = Debug|Any CPU
		{C688B5E5-886F-4A1C-AEAE-1C21362DA2DD}.Debug|Any CPU.Build.0 = Debug|Any CPU
		{C688B5E5-886F-4A1C-AEAE-1C21362DA2DD}.Release|Any CPU.ActiveCfg = Release|Any CPU
		{C688B5E5-886F-4A1C-AEAE-1C21362DA2DD}.Release|Any CPU.Build.0 = Release|Any CPU
		{33A903D2-F3DD-4340-94D3-FD5529228DCA}.Debug|Any CPU.ActiveCfg = Debug|Any CPU
		{33A903D2-F3DD-4340-94D3-FD5529228DCA}.Debug|Any CPU.Build.0 = Debug|Any CPU
		{33A903D2-F3DD-4340-94D3-FD5529228DCA}.Debug|Any CPU.Deploy.0 = Debug|Any CPU
		{33A903D2-F3DD-4340-94D3-FD5529228DCA}.Release|Any CPU.ActiveCfg = Release|Any CPU
		{33A903D2-F3DD-4340-94D3-FD5529228DCA}.Release|Any CPU.Build.0 = Release|Any CPU
		{33A903D2-F3DD-4340-94D3-FD5529228DCA}.Release|Any CPU.Deploy.0 = Release|Any CPU
	EndGlobalSection
	GlobalSection(SolutionProperties) = preSolution
		HideSolutionNode = FALSE
	EndGlobalSection
EndGlobal
